<?xml version="1.0" encoding="utf-8"?>
<!--
xmake version 2.6.7+dev.b19dec5ac

  This file is auto generated by xmake.

  Please DO NOT EDIT since all your modification will lost after re-generation.
  See https://github.com/xmake-io/xmake/pull/472 for more infomation.
-->
<Project ToolsVersion="4.0" xmlns="http://schemas.microsoft.com/developer/msbuild/2003">
  <ItemGroup>
    <Filter Include="Properties">
      <UniqueIdentifier>{CC7C6180-942D-056E-3227-E6A2B3FB19CD}</UniqueIdentifier>
    </Filter>
    <Filter Include="src\Core">
      <UniqueIdentifier>{E8F90DC6-569B-48FB-A769-59AC3D831AAC}</UniqueIdentifier>
    </Filter>
    <Filter Include="include">
      <UniqueIdentifier>{04CCF0D3-2EF0-416E-960B-AE7879D46B6B}</UniqueIdentifier>
    </Filter>
    <Filter Include="graphics">
      <UniqueIdentifier>{1CABE5A3-811C-4493-BA78-B21155E12938}</UniqueIdentifier>
    </Filter>
    <Filter Include="src">
      <UniqueIdentifier>{491FBF00-292E-479F-8C8F-7A2AC045023A}</UniqueIdentifier>
    </Filter>

  </ItemGroup>
  <ItemGroup>
    <None Include="$(MSBuildProjectDirectory)\Xmake.Custom.props">
      <Filter>Properties</Filter>
    </None>
    <None Include="$(MSBuildProjectDirectory)\Xmake.Custom.targets">
      <Filter>Properties</Filter>
    </None>
    <None Include="$(MSBuildProjectDirectory)\Xmake.Custom.items">
      <Filter>Properties</Filter>
    </None>
    <None Include="$(MSBuildProjectDirectory)\Xmake.Custom.items.filters">
      <Filter>Properties</Filter>
    </None>
    <None Include="$(XmakeScriptDir)\xmake.lua">
      <Filter>Properties</Filter>
    </None>
  </ItemGroup>
  <ItemGroup>
    <ClInclude Include="$(XmakeProjectDir)\include\Engine.hpp">
      <Filter>include</Filter>
    </ClInclude>
    <ClInclude Include="$(XmakeProjectDir)\include\TextureManager.hpp">
      <Filter>include</Filter>
    </ClInclude>
    <ClInclude Include="$(XmakeProjectDir)\graphics\Button_Play.png">
      <Filter>graphics</Filter>
    </ClInclude>
    <ClInclude Include="$(XmakeProjectDir)\graphics\Landscape 1.png">
      <Filter>graphics</Filter>
    </ClInclude>
    <ClInclude Include="$(XmakeProjectDir)\graphics\Player.PNG">
      <Filter>graphics</Filter>
    </ClInclude>
    <ClInclude Include="$(XmakeProjectDir)\graphics\TEST.png">
      <Filter>graphics</Filter>
    </ClInclude>


  </ItemGroup>
  <ItemGroup>

    <ClCompile Include="$(XmakeProjectDir)\src\Core\Engine.cpp">
      <Filter>src\Core</Filter>
    </ClCompile>
    <ClCompile Include="$(XmakeProjectDir)\src\Core\TextureManager.cpp">
      <Filter>src\Core</Filter>
    </ClCompile>
    <ClCompile Include="$(XmakeProjectDir)\src\Main.cpp">
      <Filter>src</Filter>
    </ClCompile>



  </ItemGroup>
  <ItemGroup>

  </ItemGroup>
  <ItemGroup>


  </ItemGroup>
  <Import Condition="Exists('$(MSBuildThisFileDirectory)\Xmake.Custom.files.filters')"
    Project="$(MSBuildThisFileDirectory)\Xmake.Custom.files.filters" />
</Project>
